
Microsoft Visual Studio Solution File, Format Version 12.00
# Visual Studio Version 16
VisualStudioVersion = 16.0.32002.261
MinimumVisualStudioVersion = 10.0.40219.1
Project("{9A19103F-16F7-4668-BE54-9A1E7A4F7556}") = "Jribo.Core", "Jribo.Core\Jribo.Core.csproj", "{4BCAA11C-4174-458E-8938-1AACB4648352}"
EndProject
Project("{9A19103F-16F7-4668-BE54-9A1E7A4F7556}") = "Jribo.Windows", "Jribo.Windows\Jribo.Windows.csproj", "{64AE58F5-C9A5-45FA-9E65-F7AEDB415B0B}"
EndProject
Project("{FAE04EC0-301F-11D3-BF4B-00C04F79EFBC}") = "Jribo.Test", "Jribo.Test\Jribo.Test.csproj", "{F8C158EF-C7F0-4987-B831-9FF04A54D521}"
EndProject
Global
	GlobalSection(SolutionConfigurationPlatforms) = preSolution
		Debug|Any CPU = Debug|Any CPU
		Release|Any CPU = Release|Any CPU
	EndGlobalSection
	GlobalSection(ProjectConfigurationPlatforms) = postSolution
		{4BCAA11C-4174-458E-8938-1AACB4648352}.Debug|Any CPU.ActiveCfg = Debug|Any CPU
		{4BCAA11C-4174-458E-8938-1AACB4648352}.Debug|Any CPU.Build.0 = Debug|Any CPU
		{4BCAA11C-4174-458E-8938-1AACB4648352}.Release|Any CPU.ActiveCfg = Release|Any CPU
		{4BCAA11C-4174-458E-8938-1AACB4648352}.Release|Any CPU.Build.0 = Release|Any CPU
		{64AE58F5-C9A5-45FA-9E65-F7AEDB415B0B}.Debug|Any CPU.ActiveCfg = Debug|Any CPU
		{64AE58F5-C9A5-45FA-9E65-F7AEDB415B0B}.Debug|Any CPU.Build.0 = Debug|Any CPU
		{64AE58F5-C9A5-45FA-9E65-F7AEDB415B0B}.Release|Any CPU.ActiveCfg = Release|Any CPU
		{64AE58F5-C9A5-45FA-9E65-F7AEDB415B0B}.Release|Any CPU.Build.0 = Release|Any CPU
		{F8C158EF-C7F0-4987-B831-9FF04A54D521}.Debug|Any CPU.ActiveCfg = Debug|Any CPU
		{F8C158EF-C7F0-4987-B831-9FF04A54D521}.Debug|Any CPU.Build.0 = Debug|Any CPU
		{F8C158EF-C7F0-4987-B831-9FF04A54D521}.Release|Any CPU.ActiveCfg = Release|Any CPU
		{F8C158EF-C7F0-4987-B831-9FF04A54D521}.Release|Any CPU.Build.0 = Release|Any CPU
	EndGlobalSection
	GlobalSection(SolutionProperties) = preSolution
		HideSolutionNode = FALSE
	EndGlobalSection
	GlobalSection(ExtensibilityGlobals) = postSolution
		SolutionGuid = {6AA9344A-323F-407B-B4A7-C7273808EA7D}
	EndGlobalSection
EndGlobal
